// !$*UTF8*$!
{
	archiveVersion = 1;
	classes = {
	};
	objectVersion = 46;
	objects = {

/* Begin PBXBuildFile section */
		5A8558321CBD71C500CDEE76 /* AppDelegate.swift in Sources */ = {isa = PBXBuildFile; fileRef = 5A8558311CBD71C500CDEE76 /* AppDelegate.swift */; };
		5A8558341CBD71C500CDEE76 /* ViewController.swift in Sources */ = {isa = PBXBuildFile; fileRef = 5A8558331CBD71C500CDEE76 /* ViewController.swift */; };
		5A8558371CBD71C500CDEE76 /* Main.storyboard in Resources */ = {isa = PBXBuildFile; fileRef = 5A8558351CBD71C500CDEE76 /* Main.storyboard */; };
		5A8558391CBD71C500CDEE76 /* Assets.xcassets in Resources */ = {isa = PBXBuildFile; fileRef = 5A8558381CBD71C500CDEE76 /* Assets.xcassets */; };
		5A85583C1CBD71C500CDEE76 /* LaunchScreen.storyboard in Resources */ = {isa = PBXBuildFile; fileRef = 5A85583A1CBD71C500CDEE76 /* LaunchScreen.storyboard */; };
		5A8558471CBD71C500CDEE76 /* JarvisTests.swift in Sources */ = {isa = PBXBuildFile; fileRef = 5A8558461CBD71C500CDEE76 /* JarvisTests.swift */; };
		5A8558521CBD71C500CDEE76 /* JarvisUITests.swift in Sources */ = {isa = PBXBuildFile; fileRef = 5A8558511CBD71C500CDEE76 /* JarvisUITests.swift */; };
/* End PBXBuildFile section */

/* Begin PBXContainerItemProxy section */
		5A8558431CBD71C500CDEE76 /* PBXContainerItemProxy */ = {
			isa = PBXContainerItemProxy;
			containerPortal = 5A8558261CBD71C500CDEE76 /* Project object */;
			proxyType = 1;
			remoteGlobalIDString = 5A85582D1CBD71C500CDEE76;
			remoteInfo = Jarvis;
		};
		5A85584E1CBD71C500CDEE76 /* PBXContainerItemProxy */ = {
			isa = PBXContainerItemProxy;
			containerPortal = 5A8558261CBD71C500CDEE76 /* Project object */;
			proxyType = 1;
			remoteGlobalIDString = 5A85582D1CBD71C500CDEE76;
			remoteInfo = Jarvis;
		};
/* End PBXContainerItemProxy section */

/* Begin PBXFileReference section */
		5A85582E1CBD71C500CDEE76 /* Jarvis.app */ = {isa = PBXFileReference; explicitFileType = wrapper.application; includeInIndex = 0; path = Jarvis.app; sourceTree = BUILT_PRODUCTS_DIR; };
		5A8558311CBD71C500CDEE76 /* AppDelegate.swift */ = {isa = PBXFileReference; lastKnownFileType = sourcecode.swift; path = AppDelegate.swift; sourceTree = "<group>"; };
		5A8558331CBD71C500CDEE76 /* ViewController.swift */ = {isa = PBXFileReference; lastKnownFileType = sourcecode.swift; path = ViewController.swift; sourceTree = "<group>"; };
		5A8558361CBD71C500CDEE76 /* Base */ = {isa = PBXFileReference; lastKnownFileType = file.storyboard; name = Base; path = Base.lproj/Main.storyboard; sourceTree = "<group>"; };
		5A8558381CBD71C500CDEE76 /* Assets.xcassets */ = {isa = PBXFileReference; lastKnownFileType = folder.assetcatalog; path = Assets.xcassets; sourceTree = "<group>"; };
		5A85583B1CBD71C500CDEE76 /* Base */ = {isa = PBXFileReference; lastKnownFileType = file.storyboard; name = Base; path = Base.lproj/LaunchScreen.storyboard; sourceTree = "<group>"; };
		5A85583D1CBD71C500CDEE76 /* Info.plist */ = {isa = PBXFileReference; lastKnownFileType = text.plist.xml; path = Info.plist; sourceTree = "<group>"; };
		5A8558421CBD71C500CDEE76 /* JarvisTests.xctest */ = {isa = PBXFileReference; explicitFileType = wrapper.cfbundle; includeInIndex = 0; path = JarvisTests.xctest; sourceTree = BUILT_PRODUCTS_DIR; };
		5A8558461CBD71C500CDEE76 /* JarvisTests.swift */ = {isa = PBXFileReference; lastKnownFileType = sourcecode.swift; path = JarvisTests.swift; sourceTree = "<group>"; };
		5A8558481CBD71C500CDEE76 /* Info.plist */ = {isa = PBXFileReference; lastKnownFileType = text.plist.xml; path = Info.plist; sourceTree = "<group>"; };
		5A85584D1CBD71C500CDEE76 /* JarvisUITests.xctest */ = {isa = PBXFileReference; explicitFileType = wrapper.cfbundle; includeInIndex = 0; path = JarvisUITests.xctest; sourceTree = BUILT_PRODUCTS_DIR; };
		5A8558511CBD71C500CDEE76 /* JarvisUITests.swift */ = {isa = PBXFileReference; lastKnownFileType = sourcecode.swift; path = JarvisUITests.swift; sourceTree = "<group>"; };
		5A8558531CBD71C500CDEE76 /* Info.plist */ = {isa = PBXFileReference; lastKnownFileType = text.plist.xml; path = Info.plist; sourceTree = "<group>"; };
/* End PBXFileReference section */

/* Begin PBXFrameworksBuildPhase section */
		5A85582B1CBD71C500CDEE76 /* Frameworks */ = {
			isa = PBXFrameworksBuildPhase;
			buildActionMask = 2147483647;
			files = (
			);
			runOnlyForDeploymentPostprocessing = 0;
		};
		5A85583F1CBD71C500CDEE76 /* Frameworks */ = {
			isa = PBXFrameworksBuildPhase;
			buildActionMask = 2147483647;
			files = (
			);
			runOnlyForDeploymentPostprocessing = 0;
		};
		5A85584A1CBD71C500CDEE76 /* Frameworks */ = {
			isa = PBXFrameworksBuildPhase;
			buildActionMask = 2147483647;
			files = (
			);
			runOnlyForDeploymentPostprocessing = 0;
		};
/* End PBXFrameworksBuildPhase section */

/* Begin PBXGroup section */
		5A8558251CBD71C500CDEE76 = {
			isa = PBXGroup;
			children = (
				5A8558301CBD71C500CDEE76 /* Jarvis */,
				5A8558451CBD71C500CDEE76 /* JarvisTests */,
				5A8558501CBD71C500CDEE76 /* JarvisUITests */,
				5A85582F1CBD71C500CDEE76 /* Products */,
			);
			sourceTree = "<group>";
		};
		5A85582F1CBD71C500CDEE76 /* Products */ = {
			isa = PBXGroup;
			children = (
				5A85582E1CBD71C500CDEE76 /* Jarvis.app */,
				5A8558421CBD71C500CDEE76 /* JarvisTests.xctest */,
				5A85584D1CBD71C500CDEE76 /* JarvisUITests.xctest */,
			);
			name = Products;
			sourceTree = "<group>";
		};
		5A8558301CBD71C500CDEE76 /* Jarvis */ = {
			isa = PBXGroup;
			children = (
				5A8558311CBD71C500CDEE76 /* AppDelegate.swift */,
				5A8558331CBD71C500CDEE76 /* ViewController.swift */,
				5A8558351CBD71C500CDEE76 /* Main.storyboard */,
				5A8558381CBD71C500CDEE76 /* Assets.xcassets */,
				5A85583A1CBD71C500CDEE76 /* LaunchScreen.storyboard */,
				5A85583D1CBD71C500CDEE76 /* Info.plist */,
			);
			path = Jarvis;
			sourceTree = "<group>";
		};
		5A8558451CBD71C500CDEE76 /* JarvisTests */ = {
			isa = PBXGroup;
			children = (
				5A8558461CBD71C500CDEE76 /* JarvisTests.swift */,
				5A8558481CBD71C500CDEE76 /* Info.plist */,
			);
			path = JarvisTests;
			sourceTree = "<group>";
		};
		5A8558501CBD71C500CDEE76 /* JarvisUITests */ = {
			isa = PBXGroup;
			children = (
				5A8558511CBD71C500CDEE76 /* JarvisUITests.swift */,
				5A8558531CBD71C500CDEE76 /* Info.plist */,
			);
			path = JarvisUITests;
			sourceTree = "<group>";
		};
/* End PBXGroup section */

/* Begin PBXNativeTarget section */
		5A85582D1CBD71C500CDEE76 /* Jarvis */ = {
			isa = PBXNativeTarget;
			buildConfigurationList = 5A8558561CBD71C500CDEE76 /* Build configuration list for PBXNativeTarget "Jarvis" */;
			buildPhases = (
				5A85582A1CBD71C500CDEE76 /* Sources */,
				5A85582B1CBD71C500CDEE76 /* Frameworks */,
				5A85582C1CBD71C500CDEE76 /* Resources */,
			);
			buildRules = (
			);
			dependencies = (
			);
			name = Jarvis;
			productName = Jarvis;
			productReference = 5A85582E1CBD71C500CDEE76 /* Jarvis.app */;
			productType = "com.apple.product-type.application";
		};
		5A8558411CBD71C500CDEE76 /* JarvisTests */ = {
			isa = PBXNativeTarget;
			buildConfigurationList = 5A8558591CBD71C500CDEE76 /* Build configuration list for PBXNativeTarget "JarvisTests" */;
			buildPhases = (
				5A85583E1CBD71C500CDEE76 /* Sources */,
				5A85583F1CBD71C500CDEE76 /* Frameworks */,
				5A8558401CBD71C500CDEE76 /* Resources */,
			);
			buildRules = (
			);
			dependencies = (
				5A8558441CBD71C500CDEE76 /* PBXTargetDependency */,
			);
			name = JarvisTests;
			productName = JarvisTests;
			productReference = 5A8558421CBD71C500CDEE76 /* JarvisTests.xctest */;
			productType = "com.apple.product-type.bundle.unit-test";
		};
		5A85584C1CBD71C500CDEE76 /* JarvisUITests */ = {
			isa = PBXNativeTarget;
			buildConfigurationList = 5A85585C1CBD71C500CDEE76 /* Build configuration list for PBXNativeTarget "JarvisUITests" */;
			buildPhases = (
				5A8558491CBD71C500CDEE76 /* Sources */,
				5A85584A1CBD71C500CDEE76 /* Frameworks */,
				5A85584B1CBD71C500CDEE76 /* Resources */,
			);
			buildRules = (
			);
			dependencies = (
				5A85584F1CBD71C500CDEE76 /* PBXTargetDependency */,
			);
			name = JarvisUITests;
			productName = JarvisUITests;
			productReference = 5A85584D1CBD71C500CDEE76 /* JarvisUITests.xctest */;
			productType = "com.apple.product-type.bundle.ui-testing";
		};
/* End PBXNativeTarget section */

/* Begin PBXProject section */
		5A8558261CBD71C500CDEE76 /* Project object */ = {
			isa = PBXProject;
			attributes = {
				LastSwiftUpdateCheck = 0730;
				LastUpgradeCheck = 0730;
				ORGANIZATIONNAME = "Kyle Yoon";
				TargetAttributes = {
					5A85582D1CBD71C500CDEE76 = {
						CreatedOnToolsVersion = 7.3;
					};
					5A8558411CBD71C500CDEE76 = {
						CreatedOnToolsVersion = 7.3;
						TestTargetID = 5A85582D1CBD71C500CDEE76;
					};
					5A85584C1CBD71C500CDEE76 = {
						CreatedOnToolsVersion = 7.3;
						TestTargetID = 5A85582D1CBD71C500CDEE76;
					};
				};
			};
			buildConfigurationList = 5A8558291CBD71C500CDEE76 /* Build configuration list for PBXProject "Jarvis" */;
			compatibilityVersion = "Xcode 3.2";
			developmentRegion = English;
			hasScannedForEncodings = 0;
			knownRegions = (
				en,
				Base,
			);
			mainGroup = 5A8558251CBD71C500CDEE76;
			productRefGroup = 5A85582F1CBD71C500CDEE76 /* Products */;
			projectDirPath = "";
			projectRoot = "";
			targets = (
				5A85582D1CBD71C500CDEE76 /* Jarvis */,
				5A8558411CBD71C500CDEE76 /* JarvisTests */,
				5A85584C1CBD71C500CDEE76 /* JarvisUITests */,
			);
		};
/* End PBXProject section */

/* Begin PBXResourcesBuildPhase section */
		5A85582C1CBD71C500CDEE76 /* Resources */ = {
			isa = PBXResourcesBuildPhase;
			buildActionMask = 2147483647;
			files = (
				5A85583C1CBD71C500CDEE76 /* LaunchScreen.storyboard in Resources */,
				5A8558391CBD71C500CDEE76 /* Assets.xcassets in Resources */,
				5A8558371CBD71C500CDEE76 /* Main.storyboard in Resources */,
			);
			runOnlyForDeploymentPostprocessing = 0;
		};
		5A8558401CBD71C500CDEE76 /* Resources */ = {
			isa = PBXResourcesBuildPhase;
			buildActionMask = 2147483647;
			files = (
			);
			runOnlyForDeploymentPostprocessing = 0;
		};
		5A85584B1CBD71C500CDEE76 /* Resources */ = {
			isa = PBXResourcesBuildPhase;
			buildActionMask = 2147483647;
			files = (
			);
			runOnlyForDeploymentPostprocessing = 0;
		};
/* End PBXResourcesBuildPhase section */

/* Begin PBXSourcesBuildPhase section */
		5A85582A1CBD71C500CDEE76 /* Sources */ = {
			isa = PBXSourcesBuildPhase;
			buildActionMask = 2147483647;
			files = (
				5A8558341CBD71C500CDEE76 /* ViewController.swift in Sources */,
				5A8558321CBD71C500CDEE76 /* AppDelegate.swift in Sources */,
			);
			runOnlyForDeploymentPostprocessing = 0;
		};
		5A85583E1CBD71C500CDEE76 /* Sources */ = {
			isa = PBXSourcesBuildPhase;
			buildActionMask = 2147483647;
			files = (
				5A8558471CBD71C500CDEE76 /* JarvisTests.swift in Sources */,
			);
			runOnlyForDeploymentPostprocessing = 0;
		};
		5A8558491CBD71C500CDEE76 /* Sources */ = {
			isa = PBXSourcesBuildPhase;
			buildActionMask = 2147483647;
			files = (
				5A8558521CBD71C500CDEE76 /* JarvisUITests.swift in Sources */,
			);
			runOnlyForDeploymentPostprocessing = 0;
		};
/* End PBXSourcesBuildPhase section */

/* Begin PBXTargetDependency section */
		5A8558441CBD71C500CDEE76 /* PBXTargetDependency */ = {
			isa = PBXTargetDependency;
			target = 5A85582D1CBD71C500CDEE76 /* Jarvis */;
			targetProxy = 5A8558431CBD71C500CDEE76 /* PBXContainerItemProxy */;
		};
		5A85584F1CBD71C500CDEE76 /* PBXTargetDependency */ = {
			isa = PBXTargetDependency;
			target = 5A85582D1CBD71C500CDEE76 /* Jarvis */;
			targetProxy = 5A85584E1CBD71C500CDEE76 /* PBXContainerItemProxy */;
		};
/* End PBXTargetDependency section */

/* Begin PBXVariantGroup section */
		5A8558351CBD71C500CDEE76 /* Main.storyboard */ = {
			isa = PBXVariantGroup;
			children = (
				5A8558361CBD71C500CDEE76 /* Base */,
			);
			name = Main.storyboard;
			sourceTree = "<group>";
		};
		5A85583A1CBD71C500CDEE76 /* LaunchScreen.storyboard */ = {
			isa = PBXVariantGroup;
			children = (
				5A85583B1CBD71C500CDEE76 /* Base */,
			);
			name = LaunchScreen.storyboard;
			sourceTree = "<group>";
		};
/* End PBXVariantGroup section */

/* Begin XCBuildConfiguration section */
		5A8558541CBD71C500CDEE76 /* Debug */ = {
			isa = XCBuildConfiguration;
			buildSettings = {
				ALWAYS_SEARCH_USER_PATHS = NO;
				CLANG_ANALYZER_NONNULL = YES;
				CLANG_CXX_LANGUAGE_STANDARD = "gnu++0x";
				CLANG_CXX_LIBRARY = "libc++";
				CLANG_ENABLE_MODULES = YES;
				CLANG_ENABLE_OBJC_ARC = YES;
				CLANG_WARN_BOOL_CONVERSION = YES;
				CLANG_WARN_CONSTANT_CONVERSION = YES;
				CLANG_WARN_DIRECT_OBJC_ISA_USAGE = YES_ERROR;
				CLANG_WARN_EMPTY_BODY = YES;
				CLANG_WARN_ENUM_CONVERSION = YES;
				CLANG_WARN_INT_CONVERSION = YES;
				CLANG_WARN_OBJC_ROOT_CLASS = YES_ERROR;
				CLANG_WARN_UNREACHABLE_CODE = YES;
				CLANG_WARN__DUPLICATE_METHOD_MATCH = YES;
				"CODE_SIGN_IDENTITY[sdk=iphoneos*]" = "iPhone Developer";
				COPY_PHASE_STRIP = NO;
				DEBUG_INFORMATION_FORMAT = dwarf;
				ENABLE_STRICT_OBJC_MSGSEND = YES;
				ENABLE_TESTABILITY = YES;
				GCC_C_LANGUAGE_STANDARD = gnu99;
				GCC_DYNAMIC_NO_PIC = NO;
				GCC_NO_COMMON_BLOCKS = YES;
				GCC_OPTIMIZATION_LEVEL = 0;
				GCC_PREPROCESSOR_DEFINITIONS = (
					"DEBUG=1",
					"$(inherited)",
				);
				GCC_WARN_64_TO_32_BIT_CONVERSION = YES;
				GCC_WARN_ABOUT_RETURN_TYPE = YES_ERROR;
				GCC_WARN_UNDECLARED_SELECTOR = YES;
				GCC_WARN_UNINITIALIZED_AUTOS = YES_AGGRESSIVE;
				GCC_WARN_UNUSED_FUNCTION = YES;
				GCC_WARN_UNUSED_VARIABLE = YES;
				IPHONEOS_DEPLOYMENT_TARGET = 9.3;
				MTL_ENABLE_DEBUG_INFO = YES;
				ONLY_ACTIVE_ARCH = YES;
				SDKROOT = iphoneos;
				SWIFT_OPTIMIZATION_LEVEL = "-Onone";
				TARGETED_DEVICE_FAMILY = "1,2";
			};
			name = Debug;
		};
		5A8558551CBD71C500CDEE76 /* Release */ = {
			isa = XCBuildConfiguration;
			buildSettings = {
				ALWAYS_SEARCH_USER_PATHS = NO;
				CLANG_ANALYZER_NONNULL = YES;
				CLANG_CXX_LANGUAGE_STANDARD = "gnu++0x";
				CLANG_CXX_LIBRARY = "libc++";
				CLANG_ENABLE_MODULES = YES;
				CLANG_ENABLE_OBJC_ARC = YES;
				CLANG_WARN_BOOL_CONVERSION = YES;
				CLANG_WARN_CONSTANT_CONVERSION = YES;
				CLANG_WARN_DIRECT_OBJC_ISA_USAGE = YES_ERROR;
				CLANG_WARN_EMPTY_BODY = YES;
				CLANG_WARN_ENUM_CONVERSION = YES;
				CLANG_WARN_INT_CONVERSION = YES;
				CLANG_WARN_OBJC_ROOT_CLASS = YES_ERROR;
				CLANG_WARN_UNREACHABLE_CODE = YES;
				CLANG_WARN__DUPLICATE_METHOD_MATCH = YES;
				"CODE_SIGN_IDENTITY[sdk=iphoneos*]" = "iPhone Developer";
				COPY_PHASE_STRIP = NO;
				DEBUG_INFORMATION_FORMAT = "dwarf-with-dsym";
				ENABLE_NS_ASSERTIONS = NO;
				ENABLE_STRICT_OBJC_MSGSEND = YES;
				GCC_C_LANGUAGE_STANDARD = gnu99;
				GCC_NO_COMMON_BLOCKS = YES;
				GCC_WARN_64_TO_32_BIT_CONVERSION = YES;
				GCC_WARN_ABOUT_RETURN_TYPE = YES_ERROR;
				GCC_WARN_UNDECLARED_SELECTOR = YES;
				GCC_WARN_UNINITIALIZED_AUTOS = YES_AGGRESSIVE;
				GCC_WARN_UNUSED_FUNCTION = YES;
				GCC_WARN_UNUSED_VARIABLE = YES;
				IPHONEOS_DEPLOYMENT_TARGET = 9.3;
				MTL_ENABLE_DEBUG_INFO = NO;
				SDKROOT = iphoneos;
				TARGETED_DEVICE_FAMILY = "1,2";
				VALIDATE_PRODUCT = YES;
			};
			name = Release;
		};
		5A8558571CBD71C500CDEE76 /* Debug */ = {
			isa = XCBuildConfiguration;
			buildSettings = {
				ASSETCATALOG_COMPILER_APPICON_NAME = AppIcon;
				INFOPLIST_FILE = Jarvis/Info.plist;
				LD_RUNPATH_SEARCH_PATHS = "$(inherited) @executable_path/Frameworks";
				PRODUCT_BUNDLE_IDENTIFIER = apps.yoon.Jarvis;
				PRODUCT_NAME = "$(TARGET_NAME)";
			};
			name = Debug;
		};
		5A8558581CBD71C500CDEE76 /* Release */ = {
			isa = XCBuildConfiguration;
			buildSettings = {
				ASSETCATALOG_COMPILER_APPICON_NAME = AppIcon;
				INFOPLIST_FILE = Jarvis/Info.plist;
				LD_RUNPATH_SEARCH_PATHS = "$(inherited) @executable_path/Frameworks";
				PRODUCT_BUNDLE_IDENTIFIER = apps.yoon.Jarvis;
				PRODUCT_NAME = "$(TARGET_NAME)";
			};
			name = Release;
		};
		5A85585A1CBD71C500CDEE76 /* Debug */ = {
			isa = XCBuildConfiguration;
			buildSettings = {
				BUNDLE_LOADER = "$(TEST_HOST)";
				INFOPLIST_FILE = JarvisTests/Info.plist;
				LD_RUNPATH_SEARCH_PATHS = "$(inherited) @executable_path/Frameworks @loader_path/Frameworks";
				PRODUCT_BUNDLE_IDENTIFIER = apps.yoon.JarvisTests;
				PRODUCT_NAME = "$(TARGET_NAME)";
				TEST_HOST = "$(BUILT_PRODUCTS_DIR)/Jarvis.app/Jarvis";
			};
			name = Debug;
		};
		5A85585B1CBD71C500CDEE76 /* Release */ = {
			isa = XCBuildConfiguration;
			buildSettings = {
				BUNDLE_LOADER = "$(TEST_HOST)";
				INFOPLIST_FILE = JarvisTests/Info.plist;
				LD_RUNPATH_SEARCH_PATHS = "$(inherited) @executable_path/Frameworks @loader_path/Frameworks";
				PRODUCT_BUNDLE_IDENTIFIER = apps.yoon.JarvisTests;
				PRODUCT_NAME = "$(TARGET_NAME)";
				TEST_HOST = "$(BUILT_PRODUCTS_DIR)/Jarvis.app/Jarvis";
			};
			name = Release;
		};
		5A85585D1CBD71C500CDEE76 /* Debug */ = {
			isa = XCBuildConfiguration;
			buildSettings = {
				INFOPLIST_FILE = JarvisUITests/Info.plist;
				LD_RUNPATH_SEARCH_PATHS = "$(inherited) @executable_path/Frameworks @loader_path/Frameworks";
				PRODUCT_BUNDLE_IDENTIFIER = apps.yoon.JarvisUITests;
				PRODUCT_NAME = "$(TARGET_NAME)";
				TEST_TARGET_NAME = Jarvis;
			};
			name = Debug;
		};
		5A85585E1CBD71C500CDEE76 /* Release */ = {
			isa = XCBuildConfiguration;
			buildSettings = {
				INFOPLIST_FILE = JarvisUITests/Info.plist;
				LD_RUNPATH_SEARCH_PATHS = "$(inherited) @executable_path/Frameworks @loader_path/Frameworks";
				PRODUCT_BUNDLE_IDENTIFIER = apps.yoon.JarvisUITests;
				PRODUCT_NAME = "$(TARGET_NAME)";
				TEST_TARGET_NAME = Jarvis;
			};
			name = Release;
		};
/* End XCBuildConfiguration section */

/* Begin XCConfigurationList section */
		5A8558291CBD71C500CDEE76 /* Build configuration list for PBXProject "Jarvis" */ = {
			isa = XCConfigurationList;
			buildConfigurations = (
				5A8558541CBD71C500CDEE76 /* Debug */,
				5A8558551CBD71C500CDEE76 /* Release */,
			);
			defaultConfigurationIsVisible = 0;
			defaultConfigurationName = Release;
		};
		5A8558561CBD71C500CDEE76 /* Build configuration list for PBXNativeTarget "Jarvis" */ = {
			isa = XCConfigurationList;
			buildConfigurations = (
				5A8558571CBD71C500CDEE76 /* Debug */,
				5A8558581CBD71C500CDEE76 /* Release */,
			);
			defaultConfigurationIsVisible = 0;
		};
		5A8558591CBD71C500CDEE76 /* Build configuration list for PBXNativeTarget "JarvisTests" */ = {
			isa = XCConfigurationList;
			buildConfigurations = (
				5A85585A1CBD71C500CDEE76 /* Debug */,
				5A85585B1CBD71C500CDEE76 /* Release */,
			);
			defaultConfigurationIsVisible = 0;
		};
		5A85585C1CBD71C500CDEE76 /* Build configuration list for PBXNativeTarget "JarvisUITests" */ = {
			isa = XCConfigurationList;
			buildConfigurations = (
				5A85585D1CBD71C500CDEE76 /* Debug */,
				5A85585E1CBD71C500CDEE76 /* Release */,
			);
			defaultConfigurationIsVisible = 0;
		};
/* End XCConfigurationList section */
	};
	rootObject = 5A8558261CBD71C500CDEE76 /* Project object */;
}
